{
  "name": "@rev-ops-monitoring/dashboard-schematics",
  "version": "1.0.0",
  "lockfileVersion": 3,
  "requires": true,
  "packages": {
    "": {
      "name": "@rev-ops-monitoring/dashboard-schematics",
      "version": "1.0.0",
      "license": "MIT",
      "peerDependencies": {
        "@angular-devkit/core": "^17.0.0",
        "@angular-devkit/schematics": "^17.0.0",
        "typescript": "^5.2.0"
      }
    }
  }
}
